Microsoft Visual Studio Solution File, Format Version 12.00
# Visual Studio Version 17
VisualStudioVersion = 17.13.35818.85
MinimumVisualStudioVersion = 10.0.40219.1
Project("{2150E333-8FDC-42A3-9474-1A3956D46DE8}") = "Solution Items", "Solution Items", "{8EC462FD-D22E-90A8-E5CE-7E832BA40C5D}"
	ProjectSection(SolutionItems) = preProject
		.editorconfig = .editorconfig
		Directory.Build.props = Directory.Build.props
		Todo.md = Todo.md
	EndProjectSection
EndProject
Project("{FAE04EC0-301F-11D3-BF4B-00C04F79EFBC}") = "Funds.Withdraw.Abstractions", "Funds.Withdraw.Abstractions\Funds.Withdraw.Abstractions.csproj", "{3034292F-8B55-4338-9C7E-1A14B2E6DBFF}"
EndProject
Project("{FAE04EC0-301F-11D3-BF4B-00C04F79EFBC}") = "Funds.Withdraw.Deployment", "Funds.Withdraw.Deployment\Funds.Withdraw.Deployment.csproj", "{6FFC52E4-FD7A-4A1E-863A-85AA015DF384}"
EndProject
Project("{FAE04EC0-301F-11D3-BF4B-00C04F79EFBC}") = "RequestWithdrawFundsViaATM.FetchFunds.Slice", "RequestWithdrawFundsViaATM.FetchFunds.Slice\RequestWithdrawFundsViaATM.FetchFunds.Slice.csproj", "{BEEF18D2-05C6-4159-869A-A9DDF9463462}"
EndProject
Project("{FAE04EC0-301F-11D3-BF4B-00C04F79EFBC}") = "RequestWithdrawFundsViaATM.Abstractions", "RequestWithdrawFundsViaATM.Abstractions\RequestWithdrawFundsViaATM.Abstractions.csproj", "{876D2EB8-5B53-415C-E72A-474576B7C7D4}"
EndProject
Project("{FAE04EC0-301F-11D3-BF4B-00C04F79EFBC}") = "RequestWithdrawFundsViaATM.Swimlanes", "RequestWithdrawFundsViaATM.Swimlanes\RequestWithdrawFundsViaATM.Swimlanes.csproj", "{C88F2526-C210-6927-7BF3-689BA27DE56D}"
EndProject
Project("{FAE04EC0-301F-11D3-BF4B-00C04F79EFBC}") = "Funds.Abstractions", "Funds.Abstractions\Funds.Abstractions.csproj", "{F207A34D-F3E4-2CA3-BCD0-28B6A11F3094}"
EndProject
Project("{2150E333-8FDC-42A3-9474-1A3956D46DE8}") = "Request Withdraw Funds Via ATM", "Request Withdraw Funds Via ATM", "{D7BB7ED4-6D74-485F-A9F1-9E1F45A021BC}"
EndProject
Project("{2150E333-8FDC-42A3-9474-1A3956D46DE8}") = "Withdraw Funds", "Withdraw Funds", "{69DA23CC-8036-4634-8C3C-DE6F53FE6BCD}"
EndProject
Project("{2150E333-8FDC-42A3-9474-1A3956D46DE8}") = "Flows", "Flows", "{EDE52530-45AF-4CF1-8C67-A6897DEE72DC}"
EndProject
Project("{FAE04EC0-301F-11D3-BF4B-00C04F79EFBC}") = "WithdrawFunds.WithdrawApproval.Slice", "WithdrawFunds.WithdrawApproval.Slice\WithdrawFunds.WithdrawApproval.Slice.csproj", "{5C144051-619C-4EA4-991F-A523B78BBF3B}"
EndProject
Project("{2150E333-8FDC-42A3-9474-1A3956D46DE8}") = "Comission Calculation", "Comission Calculation", "{3619D822-E94F-4CFE-AD9F-4486AA5CAE53}"
EndProject
Project("{FAE04EC0-301F-11D3-BF4B-00C04F79EFBC}") = "WithdrawFunds.Abstractions", "WithdrawFunds.Abstractions\WithdrawFunds.Abstractions.csproj", "{307EA6CA-852F-4BF9-B496-7DEC8234B04E}"
EndProject
Project("{FAE04EC0-301F-11D3-BF4B-00C04F79EFBC}") = "WithdrawFunds.Swimlanes", "WithdrawFunds.Swimlanes\WithdrawFunds.Swimlanes.csproj", "{81E40017-A49B-42B1-B562-8839414EA6DA}"
EndProject
Project("{FAE04EC0-301F-11D3-BF4B-00C04F79EFBC}") = "WithdrawFunds.ComissionCalculation.Slice", "WithdrawFunds.ComissionCalculation.Slice\WithdrawFunds.ComissionCalculation.Slice.csproj", "{B07CDF12-DF25-841A-A730-459B608ADB4C}"
EndProject
Project("{2150E333-8FDC-42A3-9474-1A3956D46DE8}") = "Withdraw Approval", "Withdraw Approval", "{EA0E4C38-2795-4F93-AF56-95EE301550F8}"
EndProject
Project("{FAE04EC0-301F-11D3-BF4B-00C04F79EFBC}") = "RequestWithdrawFundsViaATM.FetchFunds.API", "RequestWithdrawFundsViaATM.FetchFunds.API\RequestWithdrawFundsViaATM.FetchFunds.API.csproj", "{C7A8F67B-5E8D-42D3-B480-F4447238E80F}"
EndProject
Project("{FAE04EC0-301F-11D3-BF4B-00C04F79EFBC}") = "WithdrawFunds.WithdrawApproval.API", "WithdrawFunds.WithdrawApproval.API\WithdrawFunds.WithdrawApproval.API.csproj", "{A32C5BBE-7F4C-4D60-BDAE-4E1DC1E45F87}"
EndProject
Project("{2150E333-8FDC-42A3-9474-1A3956D46DE8}") = "Slices", "Slices", "{8C2E3C07-1B06-4A53-AB1D-8D4862CD67C2}"
EndProject
Project("{2150E333-8FDC-42A3-9474-1A3956D46DE8}") = "Slices", "Slices", "{F807D921-461F-40E6-ACCD-4D64DD4F4ED9}"
EndProject
Project("{2150E333-8FDC-42A3-9474-1A3956D46DE8}") = "Request Withdraw Funds Via Telller", "Request Withdraw Funds Via Telller", "{02EA681E-C7D8-13C7-8484-4AC65E1B71E8}"
EndProject
Project("{2150E333-8FDC-42A3-9474-1A3956D46DE8}") = "Withdraw Funds Context", "Withdraw Funds Context", "{F42DE888-73A1-4DAF-B765-1E629ACCED49}"
EndProject
Project("{2150E333-8FDC-42A3-9474-1A3956D46DE8}") = "Infra", "Infra", "{6CE0F274-84F7-4FC1-AD2B-2D97D7D5808C}"
EndProject
Project("{FAE04EC0-301F-11D3-BF4B-00C04F79EFBC}") = "OutboxSink", "OutboxSink\OutboxSink.csproj", "{BAB073B6-CF98-4778-BD65-AB3D88ECFBBC}"
EndProject
Project("{FAE04EC0-301F-11D3-BF4B-00C04F79EFBC}") = "Core.Abstractions", "Core.Abstractions\Core.Abstractions.csproj", "{B070694B-BA41-4C0E-B328-08ADBFCDCD17}"
EndProject
Project("{FAE04EC0-301F-11D3-BF4B-00C04F79EFBC}") = "AwsProvider", "AwsProvider\AwsProvider.csproj", "{E9F1F578-D551-42AD-B67E-D0DD7CEC3E18}"
EndProject
Global
	GlobalSection(SolutionConfigurationPlatforms) = preSolution
		Debug|Any CPU = Debug|Any CPU
		Release|Any CPU = Release|Any CPU
	EndGlobalSection
	GlobalSection(ProjectConfigurationPlatforms) = postSolution
		{3034292F-8B55-4338-9C7E-1A14B2E6DBFF}.Debug|Any CPU.ActiveCfg = Debug|Any CPU
		{3034292F-8B55-4338-9C7E-1A14B2E6DBFF}.Debug|Any CPU.Build.0 = Debug|Any CPU
		{3034292F-8B55-4338-9C7E-1A14B2E6DBFF}.Release|Any CPU.ActiveCfg = Release|Any CPU
		{3034292F-8B55-4338-9C7E-1A14B2E6DBFF}.Release|Any CPU.Build.0 = Release|Any CPU
		{6FFC52E4-FD7A-4A1E-863A-85AA015DF384}.Debug|Any CPU.ActiveCfg = Debug|Any CPU
		{6FFC52E4-FD7A-4A1E-863A-85AA015DF384}.Debug|Any CPU.Build.0 = Debug|Any CPU
		{6FFC52E4-FD7A-4A1E-863A-85AA015DF384}.Release|Any CPU.ActiveCfg = Release|Any CPU
		{6FFC52E4-FD7A-4A1E-863A-85AA015DF384}.Release|Any CPU.Build.0 = Release|Any CPU
		{BEEF18D2-05C6-4159-869A-A9DDF9463462}.Debug|Any CPU.ActiveCfg = Debug|Any CPU
		{BEEF18D2-05C6-4159-869A-A9DDF9463462}.Debug|Any CPU.Build.0 = Debug|Any CPU
		{BEEF18D2-05C6-4159-869A-A9DDF9463462}.Release|Any CPU.ActiveCfg = Release|Any CPU
		{BEEF18D2-05C6-4159-869A-A9DDF9463462}.Release|Any CPU.Build.0 = Release|Any CPU
		{876D2EB8-5B53-415C-E72A-474576B7C7D4}.Debug|Any CPU.ActiveCfg = Debug|Any CPU
		{876D2EB8-5B53-415C-E72A-474576B7C7D4}.Debug|Any CPU.Build.0 = Debug|Any CPU
		{876D2EB8-5B53-415C-E72A-474576B7C7D4}.Release|Any CPU.ActiveCfg = Release|Any CPU
		{876D2EB8-5B53-415C-E72A-474576B7C7D4}.Release|Any CPU.Build.0 = Release|Any CPU
		{C88F2526-C210-6927-7BF3-689BA27DE56D}.Debug|Any CPU.ActiveCfg = Debug|Any CPU
		{C88F2526-C210-6927-7BF3-689BA27DE56D}.Debug|Any CPU.Build.0 = Debug|Any CPU
		{C88F2526-C210-6927-7BF3-689BA27DE56D}.Release|Any CPU.ActiveCfg = Release|Any CPU
		{C88F2526-C210-6927-7BF3-689BA27DE56D}.Release|Any CPU.Build.0 = Release|Any CPU
		{F207A34D-F3E4-2CA3-BCD0-28B6A11F3094}.Debug|Any CPU.ActiveCfg = Debug|Any CPU
		{F207A34D-F3E4-2CA3-BCD0-28B6A11F3094}.Debug|Any CPU.Build.0 = Debug|Any CPU
		{F207A34D-F3E4-2CA3-BCD0-28B6A11F3094}.Release|Any CPU.ActiveCfg = Release|Any CPU
		{F207A34D-F3E4-2CA3-BCD0-28B6A11F3094}.Release|Any CPU.Build.0 = Release|Any CPU
		{5C144051-619C-4EA4-991F-A523B78BBF3B}.Debug|Any CPU.ActiveCfg = Debug|Any CPU
		{5C144051-619C-4EA4-991F-A523B78BBF3B}.Debug|Any CPU.Build.0 = Debug|Any CPU
		{5C144051-619C-4EA4-991F-A523B78BBF3B}.Release|Any CPU.ActiveCfg = Release|Any CPU
		{5C144051-619C-4EA4-991F-A523B78BBF3B}.Release|Any CPU.Build.0 = Release|Any CPU
		{307EA6CA-852F-4BF9-B496-7DEC8234B04E}.Debug|Any CPU.ActiveCfg = Debug|Any CPU
		{307EA6CA-852F-4BF9-B496-7DEC8234B04E}.Debug|Any CPU.Build.0 = Debug|Any CPU
		{307EA6CA-852F-4BF9-B496-7DEC8234B04E}.Release|Any CPU.ActiveCfg = Release|Any CPU
		{307EA6CA-852F-4BF9-B496-7DEC8234B04E}.Release|Any CPU.Build.0 = Release|Any CPU
		{81E40017-A49B-42B1-B562-8839414EA6DA}.Debug|Any CPU.ActiveCfg = Debug|Any CPU
		{81E40017-A49B-42B1-B562-8839414EA6DA}.Debug|Any CPU.Build.0 = Debug|Any CPU
		{81E40017-A49B-42B1-B562-8839414EA6DA}.Release|Any CPU.ActiveCfg = Release|Any CPU
		{81E40017-A49B-42B1-B562-8839414EA6DA}.Release|Any CPU.Build.0 = Release|Any CPU
		{B07CDF12-DF25-841A-A730-459B608ADB4C}.Debug|Any CPU.ActiveCfg = Debug|Any CPU
		{B07CDF12-DF25-841A-A730-459B608ADB4C}.Debug|Any CPU.Build.0 = Debug|Any CPU
		{B07CDF12-DF25-841A-A730-459B608ADB4C}.Release|Any CPU.ActiveCfg = Release|Any CPU
		{B07CDF12-DF25-841A-A730-459B608ADB4C}.Release|Any CPU.Build.0 = Release|Any CPU
		{C7A8F67B-5E8D-42D3-B480-F4447238E80F}.Debug|Any CPU.ActiveCfg = Debug|Any CPU
		{C7A8F67B-5E8D-42D3-B480-F4447238E80F}.Debug|Any CPU.Build.0 = Debug|Any CPU
		{C7A8F67B-5E8D-42D3-B480-F4447238E80F}.Release|Any CPU.ActiveCfg = Release|Any CPU
		{C7A8F67B-5E8D-42D3-B480-F4447238E80F}.Release|Any CPU.Build.0 = Release|Any CPU
		{A32C5BBE-7F4C-4D60-BDAE-4E1DC1E45F87}.Debug|Any CPU.ActiveCfg = Debug|Any CPU
		{A32C5BBE-7F4C-4D60-BDAE-4E1DC1E45F87}.Debug|Any CPU.Build.0 = Debug|Any CPU
		{A32C5BBE-7F4C-4D60-BDAE-4E1DC1E45F87}.Release|Any CPU.ActiveCfg = Release|Any CPU
		{A32C5BBE-7F4C-4D60-BDAE-4E1DC1E45F87}.Release|Any CPU.Build.0 = Release|Any CPU
		{BAB073B6-CF98-4778-BD65-AB3D88ECFBBC}.Debug|Any CPU.ActiveCfg = Debug|Any CPU
		{BAB073B6-CF98-4778-BD65-AB3D88ECFBBC}.Debug|Any CPU.Build.0 = Debug|Any CPU
		{BAB073B6-CF98-4778-BD65-AB3D88ECFBBC}.Release|Any CPU.ActiveCfg = Release|Any CPU
		{BAB073B6-CF98-4778-BD65-AB3D88ECFBBC}.Release|Any CPU.Build.0 = Release|Any CPU
		{B070694B-BA41-4C0E-B328-08ADBFCDCD17}.Debug|Any CPU.ActiveCfg = Debug|Any CPU
		{B070694B-BA41-4C0E-B328-08ADBFCDCD17}.Debug|Any CPU.Build.0 = Debug|Any CPU
		{B070694B-BA41-4C0E-B328-08ADBFCDCD17}.Release|Any CPU.ActiveCfg = Release|Any CPU
		{B070694B-BA41-4C0E-B328-08ADBFCDCD17}.Release|Any CPU.Build.0 = Release|Any CPU
		{E9F1F578-D551-42AD-B67E-D0DD7CEC3E18}.Debug|Any CPU.ActiveCfg = Debug|Any CPU
		{E9F1F578-D551-42AD-B67E-D0DD7CEC3E18}.Debug|Any CPU.Build.0 = Debug|Any CPU
		{E9F1F578-D551-42AD-B67E-D0DD7CEC3E18}.Release|Any CPU.ActiveCfg = Release|Any CPU
		{E9F1F578-D551-42AD-B67E-D0DD7CEC3E18}.Release|Any CPU.Build.0 = Release|Any CPU
	EndGlobalSection
	GlobalSection(SolutionProperties) = preSolution
		HideSolutionNode = FALSE
	EndGlobalSection
	GlobalSection(NestedProjects) = preSolution
		{3034292F-8B55-4338-9C7E-1A14B2E6DBFF} = {EDE52530-45AF-4CF1-8C67-A6897DEE72DC}
		{6FFC52E4-FD7A-4A1E-863A-85AA015DF384} = {F42DE888-73A1-4DAF-B765-1E629ACCED49}
		{BEEF18D2-05C6-4159-869A-A9DDF9463462} = {8C2E3C07-1B06-4A53-AB1D-8D4862CD67C2}
		{876D2EB8-5B53-415C-E72A-474576B7C7D4} = {D7BB7ED4-6D74-485F-A9F1-9E1F45A021BC}
		{C88F2526-C210-6927-7BF3-689BA27DE56D} = {D7BB7ED4-6D74-485F-A9F1-9E1F45A021BC}
		{F207A34D-F3E4-2CA3-BCD0-28B6A11F3094} = {EDE52530-45AF-4CF1-8C67-A6897DEE72DC}
		{D7BB7ED4-6D74-485F-A9F1-9E1F45A021BC} = {EDE52530-45AF-4CF1-8C67-A6897DEE72DC}
		{69DA23CC-8036-4634-8C3C-DE6F53FE6BCD} = {EDE52530-45AF-4CF1-8C67-A6897DEE72DC}
		{EDE52530-45AF-4CF1-8C67-A6897DEE72DC} = {F42DE888-73A1-4DAF-B765-1E629ACCED49}
		{5C144051-619C-4EA4-991F-A523B78BBF3B} = {EA0E4C38-2795-4F93-AF56-95EE301550F8}
		{3619D822-E94F-4CFE-AD9F-4486AA5CAE53} = {F807D921-461F-40E6-ACCD-4D64DD4F4ED9}
		{307EA6CA-852F-4BF9-B496-7DEC8234B04E} = {69DA23CC-8036-4634-8C3C-DE6F53FE6BCD}
		{81E40017-A49B-42B1-B562-8839414EA6DA} = {69DA23CC-8036-4634-8C3C-DE6F53FE6BCD}
		{B07CDF12-DF25-841A-A730-459B608ADB4C} = {3619D822-E94F-4CFE-AD9F-4486AA5CAE53}
		{EA0E4C38-2795-4F93-AF56-95EE301550F8} = {F807D921-461F-40E6-ACCD-4D64DD4F4ED9}
		{C7A8F67B-5E8D-42D3-B480-F4447238E80F} = {8C2E3C07-1B06-4A53-AB1D-8D4862CD67C2}
		{A32C5BBE-7F4C-4D60-BDAE-4E1DC1E45F87} = {EA0E4C38-2795-4F93-AF56-95EE301550F8}
		{8C2E3C07-1B06-4A53-AB1D-8D4862CD67C2} = {D7BB7ED4-6D74-485F-A9F1-9E1F45A021BC}
		{F807D921-461F-40E6-ACCD-4D64DD4F4ED9} = {69DA23CC-8036-4634-8C3C-DE6F53FE6BCD}
		{02EA681E-C7D8-13C7-8484-4AC65E1B71E8} = {EDE52530-45AF-4CF1-8C67-A6897DEE72DC}
		{BAB073B6-CF98-4778-BD65-AB3D88ECFBBC} = {6CE0F274-84F7-4FC1-AD2B-2D97D7D5808C}
		{B070694B-BA41-4C0E-B328-08ADBFCDCD17} = {6CE0F274-84F7-4FC1-AD2B-2D97D7D5808C}
		{E9F1F578-D551-42AD-B67E-D0DD7CEC3E18} = {6CE0F274-84F7-4FC1-AD2B-2D97D7D5808C}
	EndGlobalSection
	GlobalSection(ExtensibilityGlobals) = postSolution
		SolutionGuid = {B09486AB-7BC0-49ED-9D6A-A748550F7653}
	EndGlobalSection
EndGlobal
