
Microsoft Visual Studio Solution File, Format Version 12.00
Project("{FAE04EC0-301F-11D3-BF4B-00C04F79EFBC}") = "Funds.Withdraw.Deployment", "Funds.Withdraw.Deployment/Funds.Withdraw.Deployment.csproj", "{725C229F-16A2-B231-2688-3E5895F2DC8C}"
EndProject
Project("{2150E333-8FDC-42A3-9474-1A3956D46DE8}") = "docker", "docker", "{7BF182E9-E0CB-24F7-063B-708A4F76DB21}"
EndProject
Project("{2150E333-8FDC-42A3-9474-1A3956D46DE8}") = "DBs", "DBs", "{07C6E4DE-CA44-8CDC-5823-D4A3632B510E}"
	ProjectSection(SolutionItems) = preProject
		docker/DBs/compose.yaml = docker/DBs/compose.yaml
	EndProjectSection
EndProject
Project("{2150E333-8FDC-42A3-9474-1A3956D46DE8}") = "localstack", "localstack", "{A90DABA3-8B6C-C353-1C2D-7B2C3DAB148E}"
	ProjectSection(SolutionItems) = preProject
		docker/localstack/docker-compose.yml = docker/localstack/docker-compose.yml
	EndProjectSection
EndProject
Project("{2150E333-8FDC-42A3-9474-1A3956D46DE8}") = "Flows", "Flows", "{51654212-B7FB-B0BC-8D68-1A9295935AAD}"
EndProject
Project("{FAE04EC0-301F-11D3-BF4B-00C04F79EFBC}") = "Funds.Abstractions.UnitTests", "Funds.Abstractions.UnitTests/Funds.Abstractions.UnitTests.csproj", "{D0700E3E-BFC1-B81F-D5B2-627FBB320EE5}"
EndProject
Project("{FAE04EC0-301F-11D3-BF4B-00C04F79EFBC}") = "Funds.Abstractions", "Funds.Abstractions/Funds.Abstractions.csproj", "{B83123C6-F689-BFA2-AE42-30D95C6C034F}"
EndProject
Project("{2150E333-8FDC-42A3-9474-1A3956D46DE8}") = "Request Withdraw Funds Via ATM", "Request Withdraw Funds Via ATM", "{78055301-9106-F65C-1DEE-15762A9D8D6A}"
EndProject
Project("{2150E333-8FDC-42A3-9474-1A3956D46DE8}") = "Events", "Events", "{3B5E27D5-A30F-8A28-8CDE-762EBD98544B}"
EndProject
Project("{FAE04EC0-301F-11D3-BF4B-00C04F79EFBC}") = "RequestWithdrawFundsViaATM.Events", "RequestWithdrawFundsViaATM.Events/RequestWithdrawFundsViaATM.Events.csproj", "{FCA0F84C-0785-D881-1A89-041FAF33219C}"
EndProject
Project("{2150E333-8FDC-42A3-9474-1A3956D46DE8}") = "Messages", "Messages", "{A2F7AAA5-6616-D797-1449-AADAFDD2BB43}"
EndProject
Project("{FAE04EC0-301F-11D3-BF4B-00C04F79EFBC}") = "RequestWithdrawFundsViaATM.Messages", "RequestWithdrawFundsViaATM.Messages/RequestWithdrawFundsViaATM.Messages.csproj", "{969E08BD-D461-DFC8-297F-223FA0B0E3C7}"
EndProject
Project("{2150E333-8FDC-42A3-9474-1A3956D46DE8}") = "Slices", "Slices", "{97F58FE6-DE13-469D-F23B-D476A2790F27}"
EndProject
Project("{FAE04EC0-301F-11D3-BF4B-00C04F79EFBC}") = "RequestWithdrawFundsViaATM.FetchFunds.Bootstrap", "RequestWithdrawFundsViaATM.FetchFunds.Bootstrap/RequestWithdrawFundsViaATM.FetchFunds.Bootstrap.csproj", "{C65E672C-56B1-A183-2104-822DF0545AE7}"
EndProject
Project("{FAE04EC0-301F-11D3-BF4B-00C04F79EFBC}") = "RequestWithdrawFundsViaATM.FetchFunds.Slice", "RequestWithdrawFundsViaATM.FetchFunds.Slice/RequestWithdrawFundsViaATM.FetchFunds.Slice.csproj", "{6E10CD85-8942-4159-5085-1899A9E833AC}"
EndProject
Project("{2150E333-8FDC-42A3-9474-1A3956D46DE8}") = "Swimlanes", "Swimlanes", "{9C9EB21B-B176-8309-ED98-81B77A4B2FCD}"
EndProject
Project("{FAE04EC0-301F-11D3-BF4B-00C04F79EFBC}") = "RequestWithdrawFundsViaATM.Swimlanes.Bootstrap", "RequestWithdrawFundsViaATM.Swimlanes.Bootstrap/RequestWithdrawFundsViaATM.Swimlanes.Bootstrap.csproj", "{D2BEB7AD-40E1-DC40-01FE-81E96CA8270C}"
EndProject
Project("{FAE04EC0-301F-11D3-BF4B-00C04F79EFBC}") = "RequestWithdrawFundsViaATM.Swimlanes", "RequestWithdrawFundsViaATM.Swimlanes/RequestWithdrawFundsViaATM.Swimlanes.csproj", "{18502503-BB33-20DF-D849-F4AAEC2655EB}"
EndProject
Project("{2150E333-8FDC-42A3-9474-1A3956D46DE8}") = "Request Withdraw Funds Via Telller", "Request Withdraw Funds Via Telller", "{8300A7D4-2A81-A695-26C7-EEE970B3EEE2}"
EndProject
Project("{2150E333-8FDC-42A3-9474-1A3956D46DE8}") = "Withdraw Funds", "Withdraw Funds", "{237FBC4E-0F10-BC11-44DF-797916032E4B}"
EndProject
Project("{FAE04EC0-301F-11D3-BF4B-00C04F79EFBC}") = "WithdrawFunds.Abstractions.UnitTests", "WithdrawFunds.Abstractions.UnitTests/WithdrawFunds.Abstractions.UnitTests.csproj", "{8218E9B7-AD56-1923-5B8B-18AAFBEA31BE}"
EndProject
Project("{FAE04EC0-301F-11D3-BF4B-00C04F79EFBC}") = "WithdrawFunds.Abstractions", "WithdrawFunds.Abstractions/WithdrawFunds.Abstractions.csproj", "{A4463E97-34AD-FE58-2264-A43B00CC3A25}"
EndProject
Project("{2150E333-8FDC-42A3-9474-1A3956D46DE8}") = "Events", "Events", "{0F5618F1-DEB3-BCC7-3E68-104C5C15A2BF}"
EndProject
Project("{FAE04EC0-301F-11D3-BF4B-00C04F79EFBC}") = "WithdrawFunds.Events", "WithdrawFunds.Events/WithdrawFunds.Events.csproj", "{3D51AA5A-AB0E-3A00-99BF-FB910F7CDE78}"
EndProject
Project("{FAE04EC0-301F-11D3-BF4B-00C04F79EFBC}") = "WithdrawFundsRequest.Events", "WithdrawFundsRequest.Events/WithdrawFundsRequest.Events.csproj", "{8B2D8C77-3066-08CF-B72A-A5330F7D2E92}"
EndProject
Project("{2150E333-8FDC-42A3-9474-1A3956D46DE8}") = "Messages", "Messages", "{1B29EF5F-23C6-0EEE-72A2-FC1F63F63BFA}"
EndProject
Project("{FAE04EC0-301F-11D3-BF4B-00C04F79EFBC}") = "WithdrawFunds.Messages", "WithdrawFunds.Messages/WithdrawFunds.Messages.csproj", "{09BD7662-CEA7-5321-4E15-A4C8745A6BB0}"
EndProject
Project("{2150E333-8FDC-42A3-9474-1A3956D46DE8}") = "Read Models", "Read Models", "{36764C5F-2BF4-3F61-7B60-DC99845101BE}"
EndProject
Project("{FAE04EC0-301F-11D3-BF4B-00C04F79EFBC}") = "WithdrawFunds.ReadModels.AccountBalance", "WithdrawFunds.ReadModels.AccountBalance/WithdrawFunds.ReadModels.AccountBalance.csproj", "{30AF4430-4C24-240A-61C8-9189B3033688}"
EndProject
Project("{FAE04EC0-301F-11D3-BF4B-00C04F79EFBC}") = "WithdrawFunds.ReadModels.WithdrawalsInProcess", "WithdrawFunds.ReadModels.WithdrawalsInProcess/WithdrawFunds.ReadModels.WithdrawalsInProcess.csproj", "{2F32D9A2-9BB0-09F3-D4E0-56D651D0C31F}"
EndProject
Project("{2150E333-8FDC-42A3-9474-1A3956D46DE8}") = "Slices", "Slices", "{7F937727-4376-87BC-E005-E0EC189D8AE3}"
EndProject
Project("{2150E333-8FDC-42A3-9474-1A3956D46DE8}") = "Comission Calculation", "Comission Calculation", "{B8698997-8BA9-AD8D-58DC-A2E196E93F66}"
EndProject
Project("{FAE04EC0-301F-11D3-BF4B-00C04F79EFBC}") = "WithdrawFunds.ComissionCalculation.Bootstrap", "WithdrawFunds.ComissionCalculation.Bootstrap/WithdrawFunds.ComissionCalculation.Bootstrap.csproj", "{C7411050-C378-A3C1-95FF-D84190B2ED16}"
EndProject
Project("{FAE04EC0-301F-11D3-BF4B-00C04F79EFBC}") = "WithdrawFunds.ComissionCalculation.Processor", "WithdrawFunds.ComissionCalculation.Processor/WithdrawFunds.ComissionCalculation.Processor.csproj", "{5925DDC1-0234-45B1-09B3-51AC628E2467}"
EndProject
Project("{FAE04EC0-301F-11D3-BF4B-00C04F79EFBC}") = "WithdrawFunds.ComissionCalculation.Slice", "WithdrawFunds.ComissionCalculation.Slice/WithdrawFunds.ComissionCalculation.Slice.csproj", "{05F8E605-CD69-017A-3542-66DC7A09017E}"
EndProject
Project("{2150E333-8FDC-42A3-9474-1A3956D46DE8}") = "Withdraw Approval", "Withdraw Approval", "{6851BE52-9A43-F1CD-ACAE-06FA3B879181}"
EndProject
Project("{FAE04EC0-301F-11D3-BF4B-00C04F79EFBC}") = "WithdrawFunds.WithdrawApproval.Bootstrap", "WithdrawFunds.WithdrawApproval.Bootstrap/WithdrawFunds.WithdrawApproval.Bootstrap.csproj", "{105C7DE3-5336-D9D6-6EE0-B2371FECA3C4}"
EndProject
Project("{FAE04EC0-301F-11D3-BF4B-00C04F79EFBC}") = "WithdrawFunds.WithdrawApproval.Processor", "WithdrawFunds.WithdrawApproval.Processor/WithdrawFunds.WithdrawApproval.Processor.csproj", "{F36FD5B0-3A04-0EBB-B949-29E061AFBF12}"
EndProject
Project("{FAE04EC0-301F-11D3-BF4B-00C04F79EFBC}") = "WithdrawFunds.WithdrawApproval.Slice", "WithdrawFunds.WithdrawApproval.Slice/WithdrawFunds.WithdrawApproval.Slice.csproj", "{F7F655E5-A066-8C2A-A120-D5BAB4EDE6AC}"
EndProject
Project("{2150E333-8FDC-42A3-9474-1A3956D46DE8}") = "Swimlanes", "Swimlanes", "{7586CC2E-8F8D-46AB-2711-3049B5160148}"
EndProject
Project("{FAE04EC0-301F-11D3-BF4B-00C04F79EFBC}") = "WithdrawFunds.Swimlanes.Bootstrap", "WithdrawFunds.Swimlanes.Bootstrap/WithdrawFunds.Swimlanes.Bootstrap.csproj", "{1C9AF280-C30F-9BE9-CDEA-61AB42AA321D}"
EndProject
Project("{FAE04EC0-301F-11D3-BF4B-00C04F79EFBC}") = "WithdrawFunds.Swimlanes", "WithdrawFunds.Swimlanes/WithdrawFunds.Swimlanes.csproj", "{387F9C5C-6698-9B6E-F8D3-BBF3D2D1C5B8}"
EndProject
Project("{2150E333-8FDC-42A3-9474-1A3956D46DE8}") = "Infra", "Infra", "{B4C91C54-0F3C-737A-B336-D4FDA8638607}"
EndProject
Project("{FAE04EC0-301F-11D3-BF4B-00C04F79EFBC}") = "AwsProvider", "AwsProvider/AwsProvider.csproj", "{FBA1B438-EC9F-D5E2-E110-0A4F4A1EFDC9}"
EndProject
Project("{FAE04EC0-301F-11D3-BF4B-00C04F79EFBC}") = "Core.Abstractions", "Core.Abstractions/Core.Abstractions.csproj", "{D4F64F0F-6C77-CD79-3294-0A8965FFE53F}"
EndProject
Project("{2150E333-8FDC-42A3-9474-1A3956D46DE8}") = "Solution Items", "Solution Items", "{B3E21FC3-C9E8-C455-FCDE-F50AAA51C7AD}"
	ProjectSection(SolutionItems) = preProject
		.editorconfig = .editorconfig
		Directory.Build.props = Directory.Build.props
		Todo.md = Todo.md
	EndProjectSection
EndProject
Project("{2150E333-8FDC-42A3-9474-1A3956D46DE8}") = "Tools", "Tools", "{86CCA84F-520C-68B2-DC6A-3ADCDE7305E9}"
EndProject
Project("{FAE04EC0-301F-11D3-BF4B-00C04F79EFBC}") = "Outbox2SQSViaSNS", "Outbox2SQSViaSNS/Outbox2SQSViaSNS.csproj", "{87BDC0EE-7276-CB0E-76ED-0AEA9143A697}"
EndProject
Global
	GlobalSection(SolutionConfigurationPlatforms) = preSolution
		Debug|Any CPU = Debug|Any CPU
		Release|Any CPU = Release|Any CPU
	EndGlobalSection
	GlobalSection(ProjectConfigurationPlatforms) = postSolution
		{725C229F-16A2-B231-2688-3E5895F2DC8C}.Debug|Any CPU.ActiveCfg = Debug|Any CPU
		{725C229F-16A2-B231-2688-3E5895F2DC8C}.Debug|Any CPU.Build.0 = Debug|Any CPU
		{725C229F-16A2-B231-2688-3E5895F2DC8C}.Release|Any CPU.ActiveCfg = Release|Any CPU
		{725C229F-16A2-B231-2688-3E5895F2DC8C}.Release|Any CPU.Build.0 = Release|Any CPU
		{D0700E3E-BFC1-B81F-D5B2-627FBB320EE5}.Debug|Any CPU.ActiveCfg = Debug|Any CPU
		{D0700E3E-BFC1-B81F-D5B2-627FBB320EE5}.Debug|Any CPU.Build.0 = Debug|Any CPU
		{D0700E3E-BFC1-B81F-D5B2-627FBB320EE5}.Release|Any CPU.ActiveCfg = Release|Any CPU
		{D0700E3E-BFC1-B81F-D5B2-627FBB320EE5}.Release|Any CPU.Build.0 = Release|Any CPU
		{B83123C6-F689-BFA2-AE42-30D95C6C034F}.Debug|Any CPU.ActiveCfg = Debug|Any CPU
		{B83123C6-F689-BFA2-AE42-30D95C6C034F}.Debug|Any CPU.Build.0 = Debug|Any CPU
		{B83123C6-F689-BFA2-AE42-30D95C6C034F}.Release|Any CPU.ActiveCfg = Release|Any CPU
		{B83123C6-F689-BFA2-AE42-30D95C6C034F}.Release|Any CPU.Build.0 = Release|Any CPU
		{FCA0F84C-0785-D881-1A89-041FAF33219C}.Debug|Any CPU.ActiveCfg = Debug|Any CPU
		{FCA0F84C-0785-D881-1A89-041FAF33219C}.Debug|Any CPU.Build.0 = Debug|Any CPU
		{FCA0F84C-0785-D881-1A89-041FAF33219C}.Release|Any CPU.ActiveCfg = Release|Any CPU
		{FCA0F84C-0785-D881-1A89-041FAF33219C}.Release|Any CPU.Build.0 = Release|Any CPU
		{969E08BD-D461-DFC8-297F-223FA0B0E3C7}.Debug|Any CPU.ActiveCfg = Debug|Any CPU
		{969E08BD-D461-DFC8-297F-223FA0B0E3C7}.Debug|Any CPU.Build.0 = Debug|Any CPU
		{969E08BD-D461-DFC8-297F-223FA0B0E3C7}.Release|Any CPU.ActiveCfg = Release|Any CPU
		{969E08BD-D461-DFC8-297F-223FA0B0E3C7}.Release|Any CPU.Build.0 = Release|Any CPU
		{C65E672C-56B1-A183-2104-822DF0545AE7}.Debug|Any CPU.ActiveCfg = Debug|Any CPU
		{C65E672C-56B1-A183-2104-822DF0545AE7}.Debug|Any CPU.Build.0 = Debug|Any CPU
		{C65E672C-56B1-A183-2104-822DF0545AE7}.Release|Any CPU.ActiveCfg = Release|Any CPU
		{C65E672C-56B1-A183-2104-822DF0545AE7}.Release|Any CPU.Build.0 = Release|Any CPU
		{6E10CD85-8942-4159-5085-1899A9E833AC}.Debug|Any CPU.ActiveCfg = Debug|Any CPU
		{6E10CD85-8942-4159-5085-1899A9E833AC}.Debug|Any CPU.Build.0 = Debug|Any CPU
		{6E10CD85-8942-4159-5085-1899A9E833AC}.Release|Any CPU.ActiveCfg = Release|Any CPU
		{6E10CD85-8942-4159-5085-1899A9E833AC}.Release|Any CPU.Build.0 = Release|Any CPU
		{D2BEB7AD-40E1-DC40-01FE-81E96CA8270C}.Debug|Any CPU.ActiveCfg = Debug|Any CPU
		{D2BEB7AD-40E1-DC40-01FE-81E96CA8270C}.Debug|Any CPU.Build.0 = Debug|Any CPU
		{D2BEB7AD-40E1-DC40-01FE-81E96CA8270C}.Release|Any CPU.ActiveCfg = Release|Any CPU
		{D2BEB7AD-40E1-DC40-01FE-81E96CA8270C}.Release|Any CPU.Build.0 = Release|Any CPU
		{18502503-BB33-20DF-D849-F4AAEC2655EB}.Debug|Any CPU.ActiveCfg = Debug|Any CPU
		{18502503-BB33-20DF-D849-F4AAEC2655EB}.Debug|Any CPU.Build.0 = Debug|Any CPU
		{18502503-BB33-20DF-D849-F4AAEC2655EB}.Release|Any CPU.ActiveCfg = Release|Any CPU
		{18502503-BB33-20DF-D849-F4AAEC2655EB}.Release|Any CPU.Build.0 = Release|Any CPU
		{8218E9B7-AD56-1923-5B8B-18AAFBEA31BE}.Debug|Any CPU.ActiveCfg = Debug|Any CPU
		{8218E9B7-AD56-1923-5B8B-18AAFBEA31BE}.Debug|Any CPU.Build.0 = Debug|Any CPU
		{8218E9B7-AD56-1923-5B8B-18AAFBEA31BE}.Release|Any CPU.ActiveCfg = Release|Any CPU
		{8218E9B7-AD56-1923-5B8B-18AAFBEA31BE}.Release|Any CPU.Build.0 = Release|Any CPU
		{A4463E97-34AD-FE58-2264-A43B00CC3A25}.Debug|Any CPU.ActiveCfg = Debug|Any CPU
		{A4463E97-34AD-FE58-2264-A43B00CC3A25}.Debug|Any CPU.Build.0 = Debug|Any CPU
		{A4463E97-34AD-FE58-2264-A43B00CC3A25}.Release|Any CPU.ActiveCfg = Release|Any CPU
		{A4463E97-34AD-FE58-2264-A43B00CC3A25}.Release|Any CPU.Build.0 = Release|Any CPU
		{3D51AA5A-AB0E-3A00-99BF-FB910F7CDE78}.Debug|Any CPU.ActiveCfg = Debug|Any CPU
		{3D51AA5A-AB0E-3A00-99BF-FB910F7CDE78}.Debug|Any CPU.Build.0 = Debug|Any CPU
		{3D51AA5A-AB0E-3A00-99BF-FB910F7CDE78}.Release|Any CPU.ActiveCfg = Release|Any CPU
		{3D51AA5A-AB0E-3A00-99BF-FB910F7CDE78}.Release|Any CPU.Build.0 = Release|Any CPU
		{8B2D8C77-3066-08CF-B72A-A5330F7D2E92}.Debug|Any CPU.ActiveCfg = Debug|Any CPU
		{8B2D8C77-3066-08CF-B72A-A5330F7D2E92}.Debug|Any CPU.Build.0 = Debug|Any CPU
		{8B2D8C77-3066-08CF-B72A-A5330F7D2E92}.Release|Any CPU.ActiveCfg = Release|Any CPU
		{8B2D8C77-3066-08CF-B72A-A5330F7D2E92}.Release|Any CPU.Build.0 = Release|Any CPU
		{09BD7662-CEA7-5321-4E15-A4C8745A6BB0}.Debug|Any CPU.ActiveCfg = Debug|Any CPU
		{09BD7662-CEA7-5321-4E15-A4C8745A6BB0}.Debug|Any CPU.Build.0 = Debug|Any CPU
		{09BD7662-CEA7-5321-4E15-A4C8745A6BB0}.Release|Any CPU.ActiveCfg = Release|Any CPU
		{09BD7662-CEA7-5321-4E15-A4C8745A6BB0}.Release|Any CPU.Build.0 = Release|Any CPU
		{30AF4430-4C24-240A-61C8-9189B3033688}.Debug|Any CPU.ActiveCfg = Debug|Any CPU
		{30AF4430-4C24-240A-61C8-9189B3033688}.Debug|Any CPU.Build.0 = Debug|Any CPU
		{30AF4430-4C24-240A-61C8-9189B3033688}.Release|Any CPU.ActiveCfg = Release|Any CPU
		{30AF4430-4C24-240A-61C8-9189B3033688}.Release|Any CPU.Build.0 = Release|Any CPU
		{2F32D9A2-9BB0-09F3-D4E0-56D651D0C31F}.Debug|Any CPU.ActiveCfg = Debug|Any CPU
		{2F32D9A2-9BB0-09F3-D4E0-56D651D0C31F}.Debug|Any CPU.Build.0 = Debug|Any CPU
		{2F32D9A2-9BB0-09F3-D4E0-56D651D0C31F}.Release|Any CPU.ActiveCfg = Release|Any CPU
		{2F32D9A2-9BB0-09F3-D4E0-56D651D0C31F}.Release|Any CPU.Build.0 = Release|Any CPU
		{C7411050-C378-A3C1-95FF-D84190B2ED16}.Debug|Any CPU.ActiveCfg = Debug|Any CPU
		{C7411050-C378-A3C1-95FF-D84190B2ED16}.Debug|Any CPU.Build.0 = Debug|Any CPU
		{C7411050-C378-A3C1-95FF-D84190B2ED16}.Release|Any CPU.ActiveCfg = Release|Any CPU
		{C7411050-C378-A3C1-95FF-D84190B2ED16}.Release|Any CPU.Build.0 = Release|Any CPU
		{5925DDC1-0234-45B1-09B3-51AC628E2467}.Debug|Any CPU.ActiveCfg = Debug|Any CPU
		{5925DDC1-0234-45B1-09B3-51AC628E2467}.Debug|Any CPU.Build.0 = Debug|Any CPU
		{5925DDC1-0234-45B1-09B3-51AC628E2467}.Release|Any CPU.ActiveCfg = Release|Any CPU
		{5925DDC1-0234-45B1-09B3-51AC628E2467}.Release|Any CPU.Build.0 = Release|Any CPU
		{05F8E605-CD69-017A-3542-66DC7A09017E}.Debug|Any CPU.ActiveCfg = Debug|Any CPU
		{05F8E605-CD69-017A-3542-66DC7A09017E}.Debug|Any CPU.Build.0 = Debug|Any CPU
		{05F8E605-CD69-017A-3542-66DC7A09017E}.Release|Any CPU.ActiveCfg = Release|Any CPU
		{05F8E605-CD69-017A-3542-66DC7A09017E}.Release|Any CPU.Build.0 = Release|Any CPU
		{105C7DE3-5336-D9D6-6EE0-B2371FECA3C4}.Debug|Any CPU.ActiveCfg = Debug|Any CPU
		{105C7DE3-5336-D9D6-6EE0-B2371FECA3C4}.Debug|Any CPU.Build.0 = Debug|Any CPU
		{105C7DE3-5336-D9D6-6EE0-B2371FECA3C4}.Release|Any CPU.ActiveCfg = Release|Any CPU
		{105C7DE3-5336-D9D6-6EE0-B2371FECA3C4}.Release|Any CPU.Build.0 = Release|Any CPU
		{F36FD5B0-3A04-0EBB-B949-29E061AFBF12}.Debug|Any CPU.ActiveCfg = Debug|Any CPU
		{F36FD5B0-3A04-0EBB-B949-29E061AFBF12}.Debug|Any CPU.Build.0 = Debug|Any CPU
		{F36FD5B0-3A04-0EBB-B949-29E061AFBF12}.Release|Any CPU.ActiveCfg = Release|Any CPU
		{F36FD5B0-3A04-0EBB-B949-29E061AFBF12}.Release|Any CPU.Build.0 = Release|Any CPU
		{F7F655E5-A066-8C2A-A120-D5BAB4EDE6AC}.Debug|Any CPU.ActiveCfg = Debug|Any CPU
		{F7F655E5-A066-8C2A-A120-D5BAB4EDE6AC}.Debug|Any CPU.Build.0 = Debug|Any CPU
		{F7F655E5-A066-8C2A-A120-D5BAB4EDE6AC}.Release|Any CPU.ActiveCfg = Release|Any CPU
		{F7F655E5-A066-8C2A-A120-D5BAB4EDE6AC}.Release|Any CPU.Build.0 = Release|Any CPU
		{1C9AF280-C30F-9BE9-CDEA-61AB42AA321D}.Debug|Any CPU.ActiveCfg = Debug|Any CPU
		{1C9AF280-C30F-9BE9-CDEA-61AB42AA321D}.Debug|Any CPU.Build.0 = Debug|Any CPU
		{1C9AF280-C30F-9BE9-CDEA-61AB42AA321D}.Release|Any CPU.ActiveCfg = Release|Any CPU
		{1C9AF280-C30F-9BE9-CDEA-61AB42AA321D}.Release|Any CPU.Build.0 = Release|Any CPU
		{387F9C5C-6698-9B6E-F8D3-BBF3D2D1C5B8}.Debug|Any CPU.ActiveCfg = Debug|Any CPU
		{387F9C5C-6698-9B6E-F8D3-BBF3D2D1C5B8}.Debug|Any CPU.Build.0 = Debug|Any CPU
		{387F9C5C-6698-9B6E-F8D3-BBF3D2D1C5B8}.Release|Any CPU.ActiveCfg = Release|Any CPU
		{387F9C5C-6698-9B6E-F8D3-BBF3D2D1C5B8}.Release|Any CPU.Build.0 = Release|Any CPU
		{FBA1B438-EC9F-D5E2-E110-0A4F4A1EFDC9}.Debug|Any CPU.ActiveCfg = Debug|Any CPU
		{FBA1B438-EC9F-D5E2-E110-0A4F4A1EFDC9}.Debug|Any CPU.Build.0 = Debug|Any CPU
		{FBA1B438-EC9F-D5E2-E110-0A4F4A1EFDC9}.Release|Any CPU.ActiveCfg = Release|Any CPU
		{FBA1B438-EC9F-D5E2-E110-0A4F4A1EFDC9}.Release|Any CPU.Build.0 = Release|Any CPU
		{D4F64F0F-6C77-CD79-3294-0A8965FFE53F}.Debug|Any CPU.ActiveCfg = Debug|Any CPU
		{D4F64F0F-6C77-CD79-3294-0A8965FFE53F}.Debug|Any CPU.Build.0 = Debug|Any CPU
		{D4F64F0F-6C77-CD79-3294-0A8965FFE53F}.Release|Any CPU.ActiveCfg = Release|Any CPU
		{D4F64F0F-6C77-CD79-3294-0A8965FFE53F}.Release|Any CPU.Build.0 = Release|Any CPU
		{87BDC0EE-7276-CB0E-76ED-0AEA9143A697}.Debug|Any CPU.ActiveCfg = Debug|Any CPU
		{87BDC0EE-7276-CB0E-76ED-0AEA9143A697}.Debug|Any CPU.Build.0 = Debug|Any CPU
		{87BDC0EE-7276-CB0E-76ED-0AEA9143A697}.Release|Any CPU.ActiveCfg = Release|Any CPU
		{87BDC0EE-7276-CB0E-76ED-0AEA9143A697}.Release|Any CPU.Build.0 = Release|Any CPU
	EndGlobalSection
	GlobalSection(NestedProjects) = preSolution
		{07C6E4DE-CA44-8CDC-5823-D4A3632B510E} = {7BF182E9-E0CB-24F7-063B-708A4F76DB21}
		{A90DABA3-8B6C-C353-1C2D-7B2C3DAB148E} = {7BF182E9-E0CB-24F7-063B-708A4F76DB21}
		{D0700E3E-BFC1-B81F-D5B2-627FBB320EE5} = {51654212-B7FB-B0BC-8D68-1A9295935AAD}
		{B83123C6-F689-BFA2-AE42-30D95C6C034F} = {51654212-B7FB-B0BC-8D68-1A9295935AAD}
		{78055301-9106-F65C-1DEE-15762A9D8D6A} = {51654212-B7FB-B0BC-8D68-1A9295935AAD}
		{8300A7D4-2A81-A695-26C7-EEE970B3EEE2} = {51654212-B7FB-B0BC-8D68-1A9295935AAD}
		{237FBC4E-0F10-BC11-44DF-797916032E4B} = {51654212-B7FB-B0BC-8D68-1A9295935AAD}
		{3B5E27D5-A30F-8A28-8CDE-762EBD98544B} = {78055301-9106-F65C-1DEE-15762A9D8D6A}
		{A2F7AAA5-6616-D797-1449-AADAFDD2BB43} = {78055301-9106-F65C-1DEE-15762A9D8D6A}
		{97F58FE6-DE13-469D-F23B-D476A2790F27} = {78055301-9106-F65C-1DEE-15762A9D8D6A}
		{9C9EB21B-B176-8309-ED98-81B77A4B2FCD} = {78055301-9106-F65C-1DEE-15762A9D8D6A}
		{FCA0F84C-0785-D881-1A89-041FAF33219C} = {3B5E27D5-A30F-8A28-8CDE-762EBD98544B}
		{969E08BD-D461-DFC8-297F-223FA0B0E3C7} = {A2F7AAA5-6616-D797-1449-AADAFDD2BB43}
		{C65E672C-56B1-A183-2104-822DF0545AE7} = {97F58FE6-DE13-469D-F23B-D476A2790F27}
		{6E10CD85-8942-4159-5085-1899A9E833AC} = {97F58FE6-DE13-469D-F23B-D476A2790F27}
		{D2BEB7AD-40E1-DC40-01FE-81E96CA8270C} = {9C9EB21B-B176-8309-ED98-81B77A4B2FCD}
		{18502503-BB33-20DF-D849-F4AAEC2655EB} = {9C9EB21B-B176-8309-ED98-81B77A4B2FCD}
		{8218E9B7-AD56-1923-5B8B-18AAFBEA31BE} = {237FBC4E-0F10-BC11-44DF-797916032E4B}
		{A4463E97-34AD-FE58-2264-A43B00CC3A25} = {237FBC4E-0F10-BC11-44DF-797916032E4B}
		{0F5618F1-DEB3-BCC7-3E68-104C5C15A2BF} = {237FBC4E-0F10-BC11-44DF-797916032E4B}
		{1B29EF5F-23C6-0EEE-72A2-FC1F63F63BFA} = {237FBC4E-0F10-BC11-44DF-797916032E4B}
		{36764C5F-2BF4-3F61-7B60-DC99845101BE} = {237FBC4E-0F10-BC11-44DF-797916032E4B}
		{7F937727-4376-87BC-E005-E0EC189D8AE3} = {237FBC4E-0F10-BC11-44DF-797916032E4B}
		{7586CC2E-8F8D-46AB-2711-3049B5160148} = {237FBC4E-0F10-BC11-44DF-797916032E4B}
		{3D51AA5A-AB0E-3A00-99BF-FB910F7CDE78} = {0F5618F1-DEB3-BCC7-3E68-104C5C15A2BF}
		{8B2D8C77-3066-08CF-B72A-A5330F7D2E92} = {0F5618F1-DEB3-BCC7-3E68-104C5C15A2BF}
		{09BD7662-CEA7-5321-4E15-A4C8745A6BB0} = {1B29EF5F-23C6-0EEE-72A2-FC1F63F63BFA}
		{30AF4430-4C24-240A-61C8-9189B3033688} = {36764C5F-2BF4-3F61-7B60-DC99845101BE}
		{2F32D9A2-9BB0-09F3-D4E0-56D651D0C31F} = {36764C5F-2BF4-3F61-7B60-DC99845101BE}
		{B8698997-8BA9-AD8D-58DC-A2E196E93F66} = {7F937727-4376-87BC-E005-E0EC189D8AE3}
		{6851BE52-9A43-F1CD-ACAE-06FA3B879181} = {7F937727-4376-87BC-E005-E0EC189D8AE3}
		{C7411050-C378-A3C1-95FF-D84190B2ED16} = {B8698997-8BA9-AD8D-58DC-A2E196E93F66}
		{5925DDC1-0234-45B1-09B3-51AC628E2467} = {B8698997-8BA9-AD8D-58DC-A2E196E93F66}
		{05F8E605-CD69-017A-3542-66DC7A09017E} = {B8698997-8BA9-AD8D-58DC-A2E196E93F66}
		{105C7DE3-5336-D9D6-6EE0-B2371FECA3C4} = {6851BE52-9A43-F1CD-ACAE-06FA3B879181}
		{F36FD5B0-3A04-0EBB-B949-29E061AFBF12} = {6851BE52-9A43-F1CD-ACAE-06FA3B879181}
		{F7F655E5-A066-8C2A-A120-D5BAB4EDE6AC} = {6851BE52-9A43-F1CD-ACAE-06FA3B879181}
		{1C9AF280-C30F-9BE9-CDEA-61AB42AA321D} = {7586CC2E-8F8D-46AB-2711-3049B5160148}
		{387F9C5C-6698-9B6E-F8D3-BBF3D2D1C5B8} = {7586CC2E-8F8D-46AB-2711-3049B5160148}
		{FBA1B438-EC9F-D5E2-E110-0A4F4A1EFDC9} = {B4C91C54-0F3C-737A-B336-D4FDA8638607}
		{D4F64F0F-6C77-CD79-3294-0A8965FFE53F} = {B4C91C54-0F3C-737A-B336-D4FDA8638607}
		{87BDC0EE-7276-CB0E-76ED-0AEA9143A697} = {86CCA84F-520C-68B2-DC6A-3ADCDE7305E9}
	EndGlobalSection
EndGlobal
